{
  "name": "mei-tools-atom",
  "version": "0.0.0",
  "lockfileVersion": 1,
  "requires": true,
  "dependencies": {
    "atom-package-deps": {
      "version": "https://registry.npmjs.org/atom-package-deps/-/atom-package-deps-4.6.0.tgz",
      "integrity": "sha1-u4PwqXZWO0i+TquJ58hjHD7shI0=",
      "requires": {
        "atom-package-path": "https://registry.npmjs.org/atom-package-path/-/atom-package-path-1.1.0.tgz",
        "sb-exec": "https://registry.npmjs.org/sb-exec/-/sb-exec-3.1.0.tgz",
        "sb-fs": "https://registry.npmjs.org/sb-fs/-/sb-fs-3.0.0.tgz",
        "semver": "https://registry.npmjs.org/semver/-/semver-5.4.1.tgz"
      }
    },
    "atom-package-path": {
      "version": "https://registry.npmjs.org/atom-package-path/-/atom-package-path-1.1.0.tgz",
      "integrity": "sha1-tR/tvADnyM5SI9DYA9t6P09pYU8=",
      "requires": {
        "sb-callsite": "https://registry.npmjs.org/sb-callsite/-/sb-callsite-1.1.2.tgz"
      }
    },
    "consistent-env": {
      "version": "https://registry.npmjs.org/consistent-env/-/consistent-env-1.3.1.tgz",
      "integrity": "sha1-9oI018afxt2WVviuI0Kc4EmbZfs=",
      "requires": {
        "lodash.uniq": "https://registry.npmjs.org/lodash.uniq/-/lodash.uniq-4.5.0.tgz"
      }
    },
    "is-utf8": {
      "version": "https://registry.npmjs.org/is-utf8/-/is-utf8-0.2.1.tgz",
      "integrity": "sha1-Sw2hRCEE0bM2NA6AeX6GXPOffXI="
    },
    "jquery": {
      "version": "https://registry.npmjs.org/jquery/-/jquery-3.2.1.tgz",
      "integrity": "sha1-XE2d5lKvbNCncBVKYxu6ErAVx4c="
    },
    "lodash.uniq": {
      "version": "https://registry.npmjs.org/lodash.uniq/-/lodash.uniq-4.5.0.tgz",
      "integrity": "sha1-0CJTc662Uq3BvILklFM5qEJ1R3M="
    },
    "sb-callsite": {
      "version": "https://registry.npmjs.org/sb-callsite/-/sb-callsite-1.1.2.tgz",
      "integrity": "sha1-KBkftm1k46PukghKlakPy1ECJDs="
    },
    "sb-exec": {
      "version": "https://registry.npmjs.org/sb-exec/-/sb-exec-3.1.0.tgz",
      "integrity": "sha1-NMxlCIoRZ1Lrcg/d7/ZtLC6V7FE=",
      "requires": {
        "consistent-env": "https://registry.npmjs.org/consistent-env/-/consistent-env-1.3.1.tgz",
        "lodash.uniq": "https://registry.npmjs.org/lodash.uniq/-/lodash.uniq-4.5.0.tgz",
        "sb-npm-path": "https://registry.npmjs.org/sb-npm-path/-/sb-npm-path-2.0.0.tgz"
      }
    },
    "sb-fs": {
      "version": "https://registry.npmjs.org/sb-fs/-/sb-fs-3.0.0.tgz",
      "integrity": "sha1-+9zdMBDoChuOJ0kM7zNgZJdCA7g=",
      "requires": {
        "sb-promisify": "https://registry.npmjs.org/sb-promisify/-/sb-promisify-2.0.2.tgz",
        "strip-bom-buf": "https://registry.npmjs.org/strip-bom-buf/-/strip-bom-buf-1.0.0.tgz"
      }
    },
    "sb-memoize": {
      "version": "https://registry.npmjs.org/sb-memoize/-/sb-memoize-1.0.2.tgz",
      "integrity": "sha1-EoN1xi3bnMT/qQXQxaWXwZuurY4="
    },
    "sb-npm-path": {
      "version": "https://registry.npmjs.org/sb-npm-path/-/sb-npm-path-2.0.0.tgz",
      "integrity": "sha1-D2zCzzcd68p9k27Xa31MPMHrPVg=",
      "requires": {
        "sb-memoize": "https://registry.npmjs.org/sb-memoize/-/sb-memoize-1.0.2.tgz",
        "sb-promisify": "https://registry.npmjs.org/sb-promisify/-/sb-promisify-2.0.2.tgz"
      }
    },
    "sb-promisify": {
      "version": "https://registry.npmjs.org/sb-promisify/-/sb-promisify-2.0.2.tgz",
      "integrity": "sha1-QnelR1RIiqlnXYhuNU24lMm9yYE="
    },
    "semver": {
      "version": "https://registry.npmjs.org/semver/-/semver-5.4.1.tgz",
      "integrity": "sha1-4FnAnYVx8FQII3M0M1BdOi8AsY4="
    },
    "strip-bom-buf": {
      "version": "https://registry.npmjs.org/strip-bom-buf/-/strip-bom-buf-1.0.0.tgz",
      "integrity": "sha1-HLRar1dTD0yvhsf3UXnSyaUd1XI=",
      "requires": {
        "is-utf8": "https://registry.npmjs.org/is-utf8/-/is-utf8-0.2.1.tgz"
      }
    },
    "verovio": {
      "version": "file:lib/verovio-node"
    }
  }
}
